// !$*UTF8*$!
{
	archiveVersion = 1;
	classes = {
	};
	objectVersion = 55;
	objects = {

/* Begin PBXBuildFile section */
		633CC98F272C726000474B4B /* PostView.swift in Sources */ = {isa = PBXBuildFile; fileRef = 633CC98E272C726000474B4B /* PostView.swift */; };
		633CC991272C74E100474B4B /* DetailView.swift in Sources */ = {isa = PBXBuildFile; fileRef = 633CC990272C74E100474B4B /* DetailView.swift */; };
		633CC993272CB17800474B4B /* MapView.swift in Sources */ = {isa = PBXBuildFile; fileRef = 633CC992272CB17800474B4B /* MapView.swift */; };
		633CC995272D1A8200474B4B /* FavoriteBtn.swift in Sources */ = {isa = PBXBuildFile; fileRef = 633CC994272D1A8200474B4B /* FavoriteBtn.swift */; };
		63401E63272C6A6B004D948B /* projectserempenApp.swift in Sources */ = {isa = PBXBuildFile; fileRef = 63401E62272C6A6B004D948B /* projectserempenApp.swift */; };
		63401E65272C6A6B004D948B /* ContentView.swift in Sources */ = {isa = PBXBuildFile; fileRef = 63401E64272C6A6B004D948B /* ContentView.swift */; };
		63401E67272C6A6D004D948B /* Assets.xcassets in Resources */ = {isa = PBXBuildFile; fileRef = 63401E66272C6A6D004D948B /* Assets.xcassets */; };
		63401E6A272C6A6D004D948B /* Preview Assets.xcassets in Resources */ = {isa = PBXBuildFile; fileRef = 63401E69272C6A6D004D948B /* Preview Assets.xcassets */; };
		63401E74272C6A6D004D948B /* projectserempenTests.swift in Sources */ = {isa = PBXBuildFile; fileRef = 63401E73272C6A6D004D948B /* projectserempenTests.swift */; };
		63401E7E272C6A6D004D948B /* projectserempenUITests.swift in Sources */ = {isa = PBXBuildFile; fileRef = 63401E7D272C6A6D004D948B /* projectserempenUITests.swift */; };
		63401E80272C6A6D004D948B /* projectserempenUITestsLaunchTests.swift in Sources */ = {isa = PBXBuildFile; fileRef = 63401E7F272C6A6D004D948B /* projectserempenUITestsLaunchTests.swift */; };
		63401E90272C6BB3004D948B /* model.swift in Sources */ = {isa = PBXBuildFile; fileRef = 63401E8F272C6BB3004D948B /* model.swift */; };
		63401E92272C6C8A004D948B /* ViewModel.swift in Sources */ = {isa = PBXBuildFile; fileRef = 63401E91272C6C8A004D948B /* ViewModel.swift */; };
		63E7548B272EC07600F78C87 /* Model.xcdatamodeld in Sources */ = {isa = PBXBuildFile; fileRef = 63E75489272EC07600F78C87 /* Model.xcdatamodeld */; };
		63E7548D272EC0FD00F78C87 /* Persistent.swift in Sources */ = {isa = PBXBuildFile; fileRef = 63E7548C272EC0FD00F78C87 /* Persistent.swift */; };
/* End PBXBuildFile section */

/* Begin PBXContainerItemProxy section */
		63401E70272C6A6D004D948B /* PBXContainerItemProxy */ = {
			isa = PBXContainerItemProxy;
			containerPortal = 63401E57272C6A6B004D948B /* Project object */;
			proxyType = 1;
			remoteGlobalIDString = 63401E5E272C6A6B004D948B;
			remoteInfo = projectserempen;
		};
		63401E7A272C6A6D004D948B /* PBXContainerItemProxy */ = {
			isa = PBXContainerItemProxy;
			containerPortal = 63401E57272C6A6B004D948B /* Project object */;
			proxyType = 1;
			remoteGlobalIDString = 63401E5E272C6A6B004D948B;
			remoteInfo = projectserempen;
		};
/* End PBXContainerItemProxy section */

/* Begin PBXFileReference section */
		633CC98E272C726000474B4B /* PostView.swift */ = {isa = PBXFileReference; lastKnownFileType = sourcecode.swift; path = PostView.swift; sourceTree = "<group>"; };
		633CC990272C74E100474B4B /* DetailView.swift */ = {isa = PBXFileReference; lastKnownFileType = sourcecode.swift; path = DetailView.swift; sourceTree = "<group>"; };
		633CC992272CB17800474B4B /* MapView.swift */ = {isa = PBXFileReference; lastKnownFileType = sourcecode.swift; path = MapView.swift; sourceTree = "<group>"; };
		633CC994272D1A8200474B4B /* FavoriteBtn.swift */ = {isa = PBXFileReference; lastKnownFileType = sourcecode.swift; path = FavoriteBtn.swift; sourceTree = "<group>"; };
		63401E5F272C6A6B004D948B /* projectserempen.app */ = {isa = PBXFileReference; explicitFileType = wrapper.application; includeInIndex = 0; path = projectserempen.app; sourceTree = BUILT_PRODUCTS_DIR; };
		63401E62272C6A6B004D948B /* projectserempenApp.swift */ = {isa = PBXFileReference; lastKnownFileType = sourcecode.swift; path = projectserempenApp.swift; sourceTree = "<group>"; };
		63401E64272C6A6B004D948B /* ContentView.swift */ = {isa = PBXFileReference; lastKnownFileType = sourcecode.swift; path = ContentView.swift; sourceTree = "<group>"; };
		63401E66272C6A6D004D948B /* Assets.xcassets */ = {isa = PBXFileReference; lastKnownFileType = folder.assetcatalog; path = Assets.xcassets; sourceTree = "<group>"; };
		63401E69272C6A6D004D948B /* Preview Assets.xcassets */ = {isa = PBXFileReference; lastKnownFileType = folder.assetcatalog; path = "Preview Assets.xcassets"; sourceTree = "<group>"; };
		63401E6F272C6A6D004D948B /* projectserempenTests.xctest */ = {isa = PBXFileReference; explicitFileType = wrapper.cfbundle; includeInIndex = 0; path = projectserempenTests.xctest; sourceTree = BUILT_PRODUCTS_DIR; };
		63401E73272C6A6D004D948B /* projectserempenTests.swift */ = {isa = PBXFileReference; lastKnownFileType = sourcecode.swift; path = projectserempenTests.swift; sourceTree = "<group>"; };
		63401E79272C6A6D004D948B /* projectserempenUITests.xctest */ = {isa = PBXFileReference; explicitFileType = wrapper.cfbundle; includeInIndex = 0; path = projectserempenUITests.xctest; sourceTree = BUILT_PRODUCTS_DIR; };
		63401E7D272C6A6D004D948B /* projectserempenUITests.swift */ = {isa = PBXFileReference; lastKnownFileType = sourcecode.swift; path = projectserempenUITests.swift; sourceTree = "<group>"; };
		63401E7F272C6A6D004D948B /* projectserempenUITestsLaunchTests.swift */ = {isa = PBXFileReference; lastKnownFileType = sourcecode.swift; path = projectserempenUITestsLaunchTests.swift; sourceTree = "<group>"; };
		63401E8F272C6BB3004D948B /* model.swift */ = {isa = PBXFileReference; lastKnownFileType = sourcecode.swift; path = model.swift; sourceTree = "<group>"; };
		63401E91272C6C8A004D948B /* ViewModel.swift */ = {isa = PBXFileReference; lastKnownFileType = sourcecode.swift; path = ViewModel.swift; sourceTree = "<group>"; };
		63E7548A272EC07600F78C87 /* Model.xcdatamodel */ = {isa = PBXFileReference; lastKnownFileType = wrapper.xcdatamodel; path = Model.xcdatamodel; sourceTree = "<group>"; };
		63E7548C272EC0FD00F78C87 /* Persistent.swift */ = {isa = PBXFileReference; lastKnownFileType = sourcecode.swift; path = Persistent.swift; sourceTree = "<group>"; };
/* End PBXFileReference section */

/* Begin PBXFrameworksBuildPhase section */
		63401E5C272C6A6B004D948B /* Frameworks */ = {
			isa = PBXFrameworksBuildPhase;
			buildActionMask = 2147483647;
			files = (
			);
			runOnlyForDeploymentPostprocessing = 0;
		};
		63401E6C272C6A6D004D948B /* Frameworks */ = {
			isa = PBXFrameworksBuildPhase;
			buildActionMask = 2147483647;
			files = (
			);
			runOnlyForDeploymentPostprocessing = 0;
		};
		63401E76272C6A6D004D948B /* Frameworks */ = {
			isa = PBXFrameworksBuildPhase;
			buildActionMask = 2147483647;
			files = (
			);
			runOnlyForDeploymentPostprocessing = 0;
		};
/* End PBXFrameworksBuildPhase section */

/* Begin PBXGroup section */
		63401E56272C6A6B004D948B = {
			isa = PBXGroup;
			children = (
				63E75489272EC07600F78C87 /* Model.xcdatamodeld */,
				63401E61272C6A6B004D948B /* projectserempen */,
				63401E72272C6A6D004D948B /* projectserempenTests */,
				63401E7C272C6A6D004D948B /* projectserempenUITests */,
				63401E60272C6A6B004D948B /* Products */,
			);
			sourceTree = "<group>";
		};
		63401E60272C6A6B004D948B /* Products */ = {
			isa = PBXGroup;
			children = (
				63401E5F272C6A6B004D948B /* projectserempen.app */,
				63401E6F272C6A6D004D948B /* projectserempenTests.xctest */,
				63401E79272C6A6D004D948B /* projectserempenUITests.xctest */,
			);
			name = Products;
			sourceTree = "<group>";
		};
		63401E61272C6A6B004D948B /* projectserempen */ = {
			isa = PBXGroup;
			children = (
				63401E8E272C6AF2004D948B /* MVVM */,
				63401E8D272C6AEC004D948B /* View */,
				63401E8C272C6AE4004D948B /* Model */,
				63401E62272C6A6B004D948B /* projectserempenApp.swift */,
				63401E64272C6A6B004D948B /* ContentView.swift */,
				63401E66272C6A6D004D948B /* Assets.xcassets */,
				63401E68272C6A6D004D948B /* Preview Content */,
			);
			path = projectserempen;
			sourceTree = "<group>";
		};
		63401E68272C6A6D004D948B /* Preview Content */ = {
			isa = PBXGroup;
			children = (
				63401E69272C6A6D004D948B /* Preview Assets.xcassets */,
			);
			path = "Preview Content";
			sourceTree = "<group>";
		};
		63401E72272C6A6D004D948B /* projectserempenTests */ = {
			isa = PBXGroup;
			children = (
				63401E73272C6A6D004D948B /* projectserempenTests.swift */,
			);
			path = projectserempenTests;
			sourceTree = "<group>";
		};
		63401E7C272C6A6D004D948B /* projectserempenUITests */ = {
			isa = PBXGroup;
			children = (
				63401E7D272C6A6D004D948B /* projectserempenUITests.swift */,
				63401E7F272C6A6D004D948B /* projectserempenUITestsLaunchTests.swift */,
			);
			path = projectserempenUITests;
			sourceTree = "<group>";
		};
		63401E8C272C6AE4004D948B /* Model */ = {
			isa = PBXGroup;
			children = (
				63401E8F272C6BB3004D948B /* model.swift */,
				63E7548C272EC0FD00F78C87 /* Persistent.swift */,
			);
			path = Model;
			sourceTree = "<group>";
		};
		63401E8D272C6AEC004D948B /* View */ = {
			isa = PBXGroup;
			children = (
				633CC98E272C726000474B4B /* PostView.swift */,
				633CC990272C74E100474B4B /* DetailView.swift */,
				633CC992272CB17800474B4B /* MapView.swift */,
				633CC994272D1A8200474B4B /* FavoriteBtn.swift */,
			);
			path = View;
			sourceTree = "<group>";
		};
		63401E8E272C6AF2004D948B /* MVVM */ = {
			isa = PBXGroup;
			children = (
				63401E91272C6C8A004D948B /* ViewModel.swift */,
			);
			path = MVVM;
			sourceTree = "<group>";
		};
/* End PBXGroup section */

/* Begin PBXNativeTarget section */
		63401E5E272C6A6B004D948B /* projectserempen */ = {
			isa = PBXNativeTarget;
			buildConfigurationList = 63401E83272C6A6D004D948B /* Build configuration list for PBXNativeTarget "projectserempen" */;
			buildPhases = (
				63401E5B272C6A6B004D948B /* Sources */,
				63401E5C272C6A6B004D948B /* Frameworks */,
				63401E5D272C6A6B004D948B /* Resources */,
			);
			buildRules = (
			);
			dependencies = (
			);
			name = projectserempen;
			productName = projectserempen;
			productReference = 63401E5F272C6A6B004D948B /* projectserempen.app */;
			productType = "com.apple.product-type.application";
		};
		63401E6E272C6A6D004D948B /* projectserempenTests */ = {
			isa = PBXNativeTarget;
			buildConfigurationList = 63401E86272C6A6D004D948B /* Build configuration list for PBXNativeTarget "projectserempenTests" */;
			buildPhases = (
				63401E6B272C6A6D004D948B /* Sources */,
				63401E6C272C6A6D004D948B /* Frameworks */,
				63401E6D272C6A6D004D948B /* Resources */,
			);
			buildRules = (
			);
			dependencies = (
				63401E71272C6A6D004D948B /* PBXTargetDependency */,
			);
			name = projectserempenTests;
			productName = projectserempenTests;
			productReference = 63401E6F272C6A6D004D948B /* projectserempenTests.xctest */;
			productType = "com.apple.product-type.bundle.unit-test";
		};
		63401E78272C6A6D004D948B /* projectserempenUITests */ = {
			isa = PBXNativeTarget;
			buildConfigurationList = 63401E89272C6A6D004D948B /* Build configuration list for PBXNativeTarget "projectserempenUITests" */;
			buildPhases = (
				63401E75272C6A6D004D948B /* Sources */,
				63401E76272C6A6D004D948B /* Frameworks */,
				63401E77272C6A6D004D948B /* Resources */,
			);
			buildRules = (
			);
			dependencies = (
				63401E7B272C6A6D004D948B /* PBXTargetDependency */,
			);
			name = projectserempenUITests;
			productName = projectserempenUITests;
			productReference = 63401E79272C6A6D004D948B /* projectserempenUITests.xctest */;
			productType = "com.apple.product-type.bundle.ui-testing";
		};
/* End PBXNativeTarget section */

/* Begin PBXProject section */
		63401E57272C6A6B004D948B /* Project object */ = {
			isa = PBXProject;
			attributes = {
				BuildIndependentTargetsInParallel = 1;
				LastSwiftUpdateCheck = 1310;
				LastUpgradeCheck = 1310;
				TargetAttributes = {
					63401E5E272C6A6B004D948B = {
						CreatedOnToolsVersion = 13.1;
					};
					63401E6E272C6A6D004D948B = {
						CreatedOnToolsVersion = 13.1;
						TestTargetID = 63401E5E272C6A6B004D948B;
					};
					63401E78272C6A6D004D948B = {
						CreatedOnToolsVersion = 13.1;
						TestTargetID = 63401E5E272C6A6B004D948B;
					};
				};
			};
			buildConfigurationList = 63401E5A272C6A6B004D948B /* Build configuration list for PBXProject "projectserempen" */;
			compatibilityVersion = "Xcode 13.0";
			developmentRegion = en;
			hasScannedForEncodings = 0;
			knownRegions = (
				en,
				Base,
			);
			mainGroup = 63401E56272C6A6B004D948B;
			productRefGroup = 63401E60272C6A6B004D948B /* Products */;
			projectDirPath = "";
			projectRoot = "";
			targets = (
				63401E5E272C6A6B004D948B /* projectserempen */,
				63401E6E272C6A6D004D948B /* projectserempenTests */,
				63401E78272C6A6D004D948B /* projectserempenUITests */,
			);
		};
/* End PBXProject section */

/* Begin PBXResourcesBuildPhase section */
		63401E5D272C6A6B004D948B /* Resources */ = {
			isa = PBXResourcesBuildPhase;
			buildActionMask = 2147483647;
			files = (
				63401E6A272C6A6D004D948B /* Preview Assets.xcassets in Resources */,
				63401E67272C6A6D004D948B /* Assets.xcassets in Resources */,
			);
			runOnlyForDeploymentPostprocessing = 0;
		};
		63401E6D272C6A6D004D948B /* Resources */ = {
			isa = PBXResourcesBuildPhase;
			buildActionMask = 2147483647;
			files = (
			);
			runOnlyForDeploymentPostprocessing = 0;
		};
		63401E77272C6A6D004D948B /* Resources */ = {
			isa = PBXResourcesBuildPhase;
			buildActionMask = 2147483647;
			files = (
			);
			runOnlyForDeploymentPostprocessing = 0;
		};
/* End PBXResourcesBuildPhase section */

/* Begin PBXSourcesBuildPhase section */
		63401E5B272C6A6B004D948B /* Sources */ = {
			isa = PBXSourcesBuildPhase;
			buildActionMask = 2147483647;
			files = (
				633CC995272D1A8200474B4B /* FavoriteBtn.swift in Sources */,
				633CC993272CB17800474B4B /* MapView.swift in Sources */,
				63E7548D272EC0FD00F78C87 /* Persistent.swift in Sources */,
				63401E65272C6A6B004D948B /* ContentView.swift in Sources */,
				633CC991272C74E100474B4B /* DetailView.swift in Sources */,
				63401E90272C6BB3004D948B /* model.swift in Sources */,
				63E7548B272EC07600F78C87 /* Model.xcdatamodeld in Sources */,
				63401E92272C6C8A004D948B /* ViewModel.swift in Sources */,
				633CC98F272C726000474B4B /* PostView.swift in Sources */,
				63401E63272C6A6B004D948B /* projectserempenApp.swift in Sources */,
			);
			runOnlyForDeploymentPostprocessing = 0;
		};
		63401E6B272C6A6D004D948B /* Sources */ = {
			isa = PBXSourcesBuildPhase;
			buildActionMask = 2147483647;
			files = (
				63401E74272C6A6D004D948B /* projectserempenTests.swift in Sources */,
			);
			runOnlyForDeploymentPostprocessing = 0;
		};
		63401E75272C6A6D004D948B /* Sources */ = {
			isa = PBXSourcesBuildPhase;
			buildActionMask = 2147483647;
			files = (
				63401E7E272C6A6D004D948B /* projectserempenUITests.swift in Sources */,
				63401E80272C6A6D004D948B /* projectserempenUITestsLaunchTests.swift in Sources */,
			);
			runOnlyForDeploymentPostprocessing = 0;
		};
/* End PBXSourcesBuildPhase section */

/* Begin PBXTargetDependency section */
		63401E71272C6A6D004D948B /* PBXTargetDependency */ = {
			isa = PBXTargetDependency;
			target = 63401E5E272C6A6B004D948B /* projectserempen */;
			targetProxy = 63401E70272C6A6D004D948B /* PBXContainerItemProxy */;
		};
		63401E7B272C6A6D004D948B /* PBXTargetDependency */ = {
			isa = PBXTargetDependency;
			target = 63401E5E272C6A6B004D948B /* projectserempen */;
			targetProxy = 63401E7A272C6A6D004D948B /* PBXContainerItemProxy */;
		};
/* End PBXTargetDependency section */

/* Begin XCBuildConfiguration section */
		63401E81272C6A6D004D948B /* Debug */ = {
			isa = XCBuildConfiguration;
			buildSettings = {
				ALWAYS_SEARCH_USER_PATHS = NO;
				CLANG_ANALYZER_NONNULL = YES;
				CLANG_ANALYZER_NUMBER_OBJECT_CONVERSION = YES_AGGRESSIVE;
				CLANG_CXX_LANGUAGE_STANDARD = "gnu++17";
				CLANG_CXX_LIBRARY = "libc++";
				CLANG_ENABLE_MODULES = YES;
				CLANG_ENABLE_OBJC_ARC = YES;
				CLANG_ENABLE_OBJC_WEAK = YES;
				CLANG_WARN_BLOCK_CAPTURE_AUTORELEASING = YES;
				CLANG_WARN_BOOL_CONVERSION = YES;
				CLANG_WARN_COMMA = YES;
				CLANG_WARN_CONSTANT_CONVERSION = YES;
				CLANG_WARN_DEPRECATED_OBJC_IMPLEMENTATIONS = YES;
				CLANG_WARN_DIRECT_OBJC_ISA_USAGE = YES_ERROR;
				CLANG_WARN_DOCUMENTATION_COMMENTS = YES;
				CLANG_WARN_EMPTY_BODY = YES;
				CLANG_WARN_ENUM_CONVERSION = YES;
				CLANG_WARN_INFINITE_RECURSION = YES;
				CLANG_WARN_INT_CONVERSION = YES;
				CLANG_WARN_NON_LITERAL_NULL_CONVERSION = YES;
				CLANG_WARN_OBJC_IMPLICIT_RETAIN_SELF = YES;
				CLANG_WARN_OBJC_LITERAL_CONVERSION = YES;
				CLANG_WARN_OBJC_ROOT_CLASS = YES_ERROR;
				CLANG_WARN_QUOTED_INCLUDE_IN_FRAMEWORK_HEADER = YES;
				CLANG_WARN_RANGE_LOOP_ANALYSIS = YES;
				CLANG_WARN_STRICT_PROTOTYPES = YES;
				CLANG_WARN_SUSPICIOUS_MOVE = YES;
				CLANG_WARN_UNGUARDED_AVAILABILITY = YES_AGGRESSIVE;
				CLANG_WARN_UNREACHABLE_CODE = YES;
				CLANG_WARN__DUPLICATE_METHOD_MATCH = YES;
				COPY_PHASE_STRIP = NO;
				DEBUG_INFORMATION_FORMAT = dwarf;
				ENABLE_STRICT_OBJC_MSGSEND = YES;
				ENABLE_TESTABILITY = YES;
				GCC_C_LANGUAGE_STANDARD = gnu11;
				GCC_DYNAMIC_NO_PIC = NO;
				GCC_NO_COMMON_BLOCKS = YES;
				GCC_OPTIMIZATION_LEVEL = 0;
				GCC_PREPROCESSOR_DEFINITIONS = (
					"DEBUG=1",
					"$(inherited)",
				);
				GCC_WARN_64_TO_32_BIT_CONVERSION = YES;
				GCC_WARN_ABOUT_RETURN_TYPE = YES_ERROR;
				GCC_WARN_UNDECLARED_SELECTOR = YES;
				GCC_WARN_UNINITIALIZED_AUTOS = YES_AGGRESSIVE;
				GCC_WARN_UNUSED_FUNCTION = YES;
				GCC_WARN_UNUSED_VARIABLE = YES;
				IPHONEOS_DEPLOYMENT_TARGET = 15.0;
				MTL_ENABLE_DEBUG_INFO = INCLUDE_SOURCE;
				MTL_FAST_MATH = YES;
				ONLY_ACTIVE_ARCH = YES;
				SDKROOT = iphoneos;
				SWIFT_ACTIVE_COMPILATION_CONDITIONS = DEBUG;
				SWIFT_OPTIMIZATION_LEVEL = "-Onone";
			};
			name = Debug;
		};
		63401E82272C6A6D004D948B /* Release */ = {
			isa = XCBuildConfiguration;
			buildSettings = {
				ALWAYS_SEARCH_USER_PATHS = NO;
				CLANG_ANALYZER_NONNULL = YES;
				CLANG_ANALYZER_NUMBER_OBJECT_CONVERSION = YES_AGGRESSIVE;
				CLANG_CXX_LANGUAGE_STANDARD = "gnu++17";
				CLANG_CXX_LIBRARY = "libc++";
				CLANG_ENABLE_MODULES = YES;
				CLANG_ENABLE_OBJC_ARC = YES;
				CLANG_ENABLE_OBJC_WEAK = YES;
				CLANG_WARN_BLOCK_CAPTURE_AUTORELEASING = YES;
				CLANG_WARN_BOOL_CONVERSION = YES;
				CLANG_WARN_COMMA = YES;
				CLANG_WARN_CONSTANT_CONVERSION = YES;
				CLANG_WARN_DEPRECATED_OBJC_IMPLEMENTATIONS = YES;
				CLANG_WARN_DIRECT_OBJC_ISA_USAGE = YES_ERROR;
				CLANG_WARN_DOCUMENTATION_COMMENTS = YES;
				CLANG_WARN_EMPTY_BODY = YES;
				CLANG_WARN_ENUM_CONVERSION = YES;
				CLANG_WARN_INFINITE_RECURSION = YES;
				CLANG_WARN_INT_CONVERSION = YES;
				CLANG_WARN_NON_LITERAL_NULL_CONVERSION = YES;
				CLANG_WARN_OBJC_IMPLICIT_RETAIN_SELF = YES;
				CLANG_WARN_OBJC_LITERAL_CONVERSION = YES;
				CLANG_WARN_OBJC_ROOT_CLASS = YES_ERROR;
				CLANG_WARN_QUOTED_INCLUDE_IN_FRAMEWORK_HEADER = YES;
				CLANG_WARN_RANGE_LOOP_ANALYSIS = YES;
				CLANG_WARN_STRICT_PROTOTYPES = YES;
				CLANG_WARN_SUSPICIOUS_MOVE = YES;
				CLANG_WARN_UNGUARDED_AVAILABILITY = YES_AGGRESSIVE;
				CLANG_WARN_UNREACHABLE_CODE = YES;
				CLANG_WARN__DUPLICATE_METHOD_MATCH = YES;
				COPY_PHASE_STRIP = NO;
				DEBUG_INFORMATION_FORMAT = "dwarf-with-dsym";
				ENABLE_NS_ASSERTIONS = NO;
				ENABLE_STRICT_OBJC_MSGSEND = YES;
				GCC_C_LANGUAGE_STANDARD = gnu11;
				GCC_NO_COMMON_BLOCKS = YES;
				GCC_WARN_64_TO_32_BIT_CONVERSION = YES;
				GCC_WARN_ABOUT_RETURN_TYPE = YES_ERROR;
				GCC_WARN_UNDECLARED_SELECTOR = YES;
				GCC_WARN_UNINITIALIZED_AUTOS = YES_AGGRESSIVE;
				GCC_WARN_UNUSED_FUNCTION = YES;
				GCC_WARN_UNUSED_VARIABLE = YES;
				IPHONEOS_DEPLOYMENT_TARGET = 15.0;
				MTL_ENABLE_DEBUG_INFO = NO;
				MTL_FAST_MATH = YES;
				SDKROOT = iphoneos;
				SWIFT_COMPILATION_MODE = wholemodule;
				SWIFT_OPTIMIZATION_LEVEL = "-O";
				VALIDATE_PRODUCT = YES;
			};
			name = Release;
		};
		63401E84272C6A6D004D948B /* Debug */ = {
			isa = XCBuildConfiguration;
			buildSettings = {
				ASSETCATALOG_COMPILER_APPICON_NAME = AppIcon;
				ASSETCATALOG_COMPILER_GLOBAL_ACCENT_COLOR_NAME = AccentColor;
				CODE_SIGN_STYLE = Automatic;
				CURRENT_PROJECT_VERSION = 1;
				DEVELOPMENT_ASSET_PATHS = "\"projectserempen/Preview Content\"";
				DEVELOPMENT_TEAM = 27XRUKL844;
				ENABLE_PREVIEWS = YES;
				GENERATE_INFOPLIST_FILE = YES;
				INFOPLIST_KEY_UIApplicationSceneManifest_Generation = YES;
				INFOPLIST_KEY_UIApplicationSupportsIndirectInputEvents = YES;
				INFOPLIST_KEY_UILaunchScreen_Generation = YES;
				INFOPLIST_KEY_UISupportedInterfaceOrientations_iPad = "UIInterfaceOrientationPortrait UIInterfaceOrientationPortraitUpsideDown UIInterfaceOrientationLandscapeLeft UIInterfaceOrientationLandscapeRight";
				INFOPLIST_KEY_UISupportedInterfaceOrientations_iPhone = "UIInterfaceOrientationPortrait UIInterfaceOrientationLandscapeLeft UIInterfaceOrientationLandscapeRight";
				LD_RUNPATH_SEARCH_PATHS = (
					"$(inherited)",
					"@executable_path/Frameworks",
				);
				MARKETING_VERSION = 1.0;
				PRODUCT_BUNDLE_IDENTIFIER = com.appdev.projectserempen;
				PRODUCT_NAME = "$(TARGET_NAME)";
				SWIFT_EMIT_LOC_STRINGS = YES;
				SWIFT_VERSION = 5.0;
				TARGETED_DEVICE_FAMILY = "1,2";
			};
			name = Debug;
		};
		63401E85272C6A6D004D948B /* Release */ = {
			isa = XCBuildConfiguration;
			buildSettings = {
				ASSETCATALOG_COMPILER_APPICON_NAME = AppIcon;
				ASSETCATALOG_COMPILER_GLOBAL_ACCENT_COLOR_NAME = AccentColor;
				CODE_SIGN_STYLE = Automatic;
				CURRENT_PROJECT_VERSION = 1;
				DEVELOPMENT_ASSET_PATHS = "\"projectserempen/Preview Content\"";
				DEVELOPMENT_TEAM = 27XRUKL844;
				ENABLE_PREVIEWS = YES;
				GENERATE_INFOPLIST_FILE = YES;
				INFOPLIST_KEY_UIApplicationSceneManifest_Generation = YES;
				INFOPLIST_KEY_UIApplicationSupportsIndirectInputEvents = YES;
				INFOPLIST_KEY_UILaunchScreen_Generation = YES;
				INFOPLIST_KEY_UISupportedInterfaceOrientations_iPad = "UIInterfaceOrientationPortrait UIInterfaceOrientationPortraitUpsideDown UIInterfaceOrientationLandscapeLeft UIInterfaceOrientationLandscapeRight";
				INFOPLIST_KEY_UISupportedInterfaceOrientations_iPhone = "UIInterfaceOrientationPortrait UIInterfaceOrientationLandscapeLeft UIInterfaceOrientationLandscapeRight";
				LD_RUNPATH_SEARCH_PATHS = (
					"$(inherited)",
					"@executable_path/Frameworks",
				);
				MARKETING_VERSION = 1.0;
				PRODUCT_BUNDLE_IDENTIFIER = com.appdev.projectserempen;
				PRODUCT_NAME = "$(TARGET_NAME)";
				SWIFT_EMIT_LOC_STRINGS = YES;
				SWIFT_VERSION = 5.0;
				TARGETED_DEVICE_FAMILY = "1,2";
			};
			name = Release;
		};
		63401E87272C6A6D004D948B /* Debug */ = {
			isa = XCBuildConfiguration;
			buildSettings = {
				ALWAYS_EMBED_SWIFT_STANDARD_LIBRARIES = YES;
				BUNDLE_LOADER = "$(TEST_HOST)";
				CODE_SIGN_STYLE = Automatic;
				CURRENT_PROJECT_VERSION = 1;
				DEVELOPMENT_TEAM = 27XRUKL844;
				GENERATE_INFOPLIST_FILE = YES;
				IPHONEOS_DEPLOYMENT_TARGET = 15.0;
				LD_RUNPATH_SEARCH_PATHS = (
					"$(inherited)",
					"@executable_path/Frameworks",
					"@loader_path/Frameworks",
				);
				MARKETING_VERSION = 1.0;
				PRODUCT_BUNDLE_IDENTIFIER = com.appdev.projectserempenTests;
				PRODUCT_NAME = "$(TARGET_NAME)";
				SWIFT_EMIT_LOC_STRINGS = NO;
				SWIFT_VERSION = 5.0;
				TARGETED_DEVICE_FAMILY = "1,2";
				TEST_HOST = "$(BUILT_PRODUCTS_DIR)/projectserempen.app/projectserempen";
			};
			name = Debug;
		};
		63401E88272C6A6D004D948B /* Release */ = {
			isa = XCBuildConfiguration;
			buildSettings = {
				ALWAYS_EMBED_SWIFT_STANDARD_LIBRARIES = YES;
				BUNDLE_LOADER = "$(TEST_HOST)";
				CODE_SIGN_STYLE = Automatic;
				CURRENT_PROJECT_VERSION = 1;
				DEVELOPMENT_TEAM = 27XRUKL844;
				GENERATE_INFOPLIST_FILE = YES;
				IPHONEOS_DEPLOYMENT_TARGET = 15.0;
				LD_RUNPATH_SEARCH_PATHS = (
					"$(inherited)",
					"@executable_path/Frameworks",
					"@loader_path/Frameworks",
				);
				MARKETING_VERSION = 1.0;
				PRODUCT_BUNDLE_IDENTIFIER = com.appdev.projectserempenTests;
				PRODUCT_NAME = "$(TARGET_NAME)";
				SWIFT_EMIT_LOC_STRINGS = NO;
				SWIFT_VERSION = 5.0;
				TARGETED_DEVICE_FAMILY = "1,2";
				TEST_HOST = "$(BUILT_PRODUCTS_DIR)/projectserempen.app/projectserempen";
			};
			name = Release;
		};
		63401E8A272C6A6D004D948B /* Debug */ = {
			isa = XCBuildConfiguration;
			buildSettings = {
				ALWAYS_EMBED_SWIFT_STANDARD_LIBRARIES = YES;
				CODE_SIGN_STYLE = Automatic;
				CURRENT_PROJECT_VERSION = 1;
				DEVELOPMENT_TEAM = 27XRUKL844;
				GENERATE_INFOPLIST_FILE = YES;
				LD_RUNPATH_SEARCH_PATHS = (
					"$(inherited)",
					"@executable_path/Frameworks",
					"@loader_path/Frameworks",
				);
				MARKETING_VERSION = 1.0;
				PRODUCT_BUNDLE_IDENTIFIER = com.appdev.projectserempenUITests;
				PRODUCT_NAME = "$(TARGET_NAME)";
				SWIFT_EMIT_LOC_STRINGS = NO;
				SWIFT_VERSION = 5.0;
				TARGETED_DEVICE_FAMILY = "1,2";
				TEST_TARGET_NAME = projectserempen;
			};
			name = Debug;
		};
		63401E8B272C6A6D004D948B /* Release */ = {
			isa = XCBuildConfiguration;
			buildSettings = {
				ALWAYS_EMBED_SWIFT_STANDARD_LIBRARIES = YES;
				CODE_SIGN_STYLE = Automatic;
				CURRENT_PROJECT_VERSION = 1;
				DEVELOPMENT_TEAM = 27XRUKL844;
				GENERATE_INFOPLIST_FILE = YES;
				LD_RUNPATH_SEARCH_PATHS = (
					"$(inherited)",
					"@executable_path/Frameworks",
					"@loader_path/Frameworks",
				);
				MARKETING_VERSION = 1.0;
				PRODUCT_BUNDLE_IDENTIFIER = com.appdev.projectserempenUITests;
				PRODUCT_NAME = "$(TARGET_NAME)";
				SWIFT_EMIT_LOC_STRINGS = NO;
				SWIFT_VERSION = 5.0;
				TARGETED_DEVICE_FAMILY = "1,2";
				TEST_TARGET_NAME = projectserempen;
			};
			name = Release;
		};
/* End XCBuildConfiguration section */

/* Begin XCConfigurationList section */
		63401E5A272C6A6B004D948B /* Build configuration list for PBXProject "projectserempen" */ = {
			isa = XCConfigurationList;
			buildConfigurations = (
				63401E81272C6A6D004D948B /* Debug */,
				63401E82272C6A6D004D948B /* Release */,
			);
			defaultConfigurationIsVisible = 0;
			defaultConfigurationName = Release;
		};
		63401E83272C6A6D004D948B /* Build configuration list for PBXNativeTarget "projectserempen" */ = {
			isa = XCConfigurationList;
			buildConfigurations = (
				63401E84272C6A6D004D948B /* Debug */,
				63401E85272C6A6D004D948B /* Release */,
			);
			defaultConfigurationIsVisible = 0;
			defaultConfigurationName = Release;
		};
		63401E86272C6A6D004D948B /* Build configuration list for PBXNativeTarget "projectserempenTests" */ = {
			isa = XCConfigurationList;
			buildConfigurations = (
				63401E87272C6A6D004D948B /* Debug */,
				63401E88272C6A6D004D948B /* Release */,
			);
			defaultConfigurationIsVisible = 0;
			defaultConfigurationName = Release;
		};
		63401E89272C6A6D004D948B /* Build configuration list for PBXNativeTarget "projectserempenUITests" */ = {
			isa = XCConfigurationList;
			buildConfigurations = (
				63401E8A272C6A6D004D948B /* Debug */,
				63401E8B272C6A6D004D948B /* Release */,
			);
			defaultConfigurationIsVisible = 0;
			defaultConfigurationName = Release;
		};
/* End XCConfigurationList section */

/* Begin XCVersionGroup section */
		63E75489272EC07600F78C87 /* Model.xcdatamodeld */ = {
			isa = XCVersionGroup;
			children = (
				63E7548A272EC07600F78C87 /* Model.xcdatamodel */,
			);
			currentVersion = 63E7548A272EC07600F78C87 /* Model.xcdatamodel */;
			path = Model.xcdatamodeld;
			sourceTree = "<group>";
			versionGroupType = wrapper.xcdatamodel;
		};
/* End XCVersionGroup section */
	};
	rootObject = 63401E57272C6A6B004D948B /* Project object */;
}
